
Microsoft Visual Studio Solution File, Format Version 12.00
# Visual Studio 15
VisualStudioVersion = 15.0.28010.2048
MinimumVisualStudioVersion = 10.0.40219.1
Project("{FAE04EC0-301F-11D3-BF4B-00C04F79EFBC}") = "AdressBook", "AdressBook\AdressBook.csproj", "{06920445-A212-461F-8596-9CA3A64FC325}"
EndProject
Global
	GlobalSection(SolutionConfigurationPlatforms) = preSolution
		Debug|Any CPU = Debug|Any CPU
		Release|Any CPU = Release|Any CPU
	EndGlobalSection
	GlobalSection(ProjectConfigurationPlatforms) = postSolution
		{06920445-A212-461F-8596-9CA3A64FC325}.Debug|Any CPU.ActiveCfg = Debug|Any CPU
		{06920445-A212-461F-8596-9CA3A64FC325}.Debug|Any CPU.Build.0 = Debug|Any CPU
		{06920445-A212-461F-8596-9CA3A64FC325}.Release|Any CPU.ActiveCfg = Release|Any CPU
		{06920445-A212-461F-8596-9CA3A64FC325}.Release|Any CPU.Build.0 = Release|Any CPU
	EndGlobalSection
	GlobalSection(SolutionProperties) = preSolution
		HideSolutionNode = FALSE
	EndGlobalSection
	GlobalSection(ExtensibilityGlobals) = postSolution
		SolutionGuid = {E3D31007-DC43-4568-B8AD-496A338324C0}
	EndGlobalSection
EndGlobal
